packages:
  - name: dbt_utils
    package: dbt-labs/dbt_utils
    version: 1.3.3
  - name: dbt_expectations
    package: metaplane/dbt_expectations
    version: 0.10.4
  - name: codegen
    package: dbt-labs/codegen
    version: 0.14.0
  - name: dbt_date
    package: calogica/dbt_date
    version: 0.10.1
sha1_hash: c3c5f87cd3878ce6393454e00345cb015d319f0a
